
Microsoft Visual Studio Solution File, Format Version 12.00
# Visual Studio Version 17
VisualStudioVersion = 17.14.36623.8 d17.14
MinimumVisualStudioVersion = 10.0.40219.1
Project("{2150E333-8FDC-42A3-9474-1A3956D46DE8}") = "SRC", "SRC", "{B1CC0284-B132-412C-9B1B-BCD740D53D85}"
EndProject
Project("{FAE04EC0-301F-11D3-BF4B-00C04F79EFBC}") = "Angular.Core.Domain", "SRC\Angular.Core.Domain\Angular.Core.Domain.csproj", "{E3C066C2-84A6-4200-95FC-03B9E4D77F1E}"
EndProject
Project("{FAE04EC0-301F-11D3-BF4B-00C04F79EFBC}") = "Angular.Core.Application", "SRC\Angular.Core.Application\Angular.Core.Application.csproj", "{10008B1D-E19C-469B-BF37-846594A0512B}"
EndProject
Project("{FAE04EC0-301F-11D3-BF4B-00C04F79EFBC}") = "Angular.Infrastructure.SQL", "SRC\Angular.Infrastructure.SQL\Angular.Infrastructure.SQL.csproj", "{6AD51074-19A2-4DFC-A8D1-082280B81D99}"
EndProject
Project("{FAE04EC0-301F-11D3-BF4B-00C04F79EFBC}") = "Angular.EndPoint.WebApi", "SRC\Angular.EndPoint.WebApi\Angular.EndPoint.WebApi.csproj", "{00F93F21-2A86-646B-CFCE-54DC01F113F5}"
EndProject
Project("{FAE04EC0-301F-11D3-BF4B-00C04F79EFBC}") = "AngularApp.AppHost", "SRC\AngularApp.AppHost\AngularApp.AppHost.csproj", "{D075DE34-1CE8-0372-DEFC-AB910AFD5970}"
EndProject
Project("{FAE04EC0-301F-11D3-BF4B-00C04F79EFBC}") = "AngularApp.ServiceDefaults", "SRC\AngularApp.ServiceDefaults\AngularApp.ServiceDefaults.csproj", "{B4925351-4ABC-919A-60BB-D10C1A20FD8F}"
EndProject
Project("{FAE04EC0-301F-11D3-BF4B-00C04F79EFBC}") = "Angular.SharedKernel.Utilities", "SRC\Angular.SharedKernel.Utilities\Angular.SharedKernel.Utilities.csproj", "{CA108B11-B2F4-461B-AD0C-0E51474AE7B2}"
EndProject
Global
	GlobalSection(SolutionConfigurationPlatforms) = preSolution
		Debug|Any CPU = Debug|Any CPU
		Release|Any CPU = Release|Any CPU
	EndGlobalSection
	GlobalSection(ProjectConfigurationPlatforms) = postSolution
		{E3C066C2-84A6-4200-95FC-03B9E4D77F1E}.Debug|Any CPU.ActiveCfg = Debug|Any CPU
		{E3C066C2-84A6-4200-95FC-03B9E4D77F1E}.Debug|Any CPU.Build.0 = Debug|Any CPU
		{E3C066C2-84A6-4200-95FC-03B9E4D77F1E}.Release|Any CPU.ActiveCfg = Release|Any CPU
		{E3C066C2-84A6-4200-95FC-03B9E4D77F1E}.Release|Any CPU.Build.0 = Release|Any CPU
		{10008B1D-E19C-469B-BF37-846594A0512B}.Debug|Any CPU.ActiveCfg = Debug|Any CPU
		{10008B1D-E19C-469B-BF37-846594A0512B}.Debug|Any CPU.Build.0 = Debug|Any CPU
		{10008B1D-E19C-469B-BF37-846594A0512B}.Release|Any CPU.ActiveCfg = Release|Any CPU
		{10008B1D-E19C-469B-BF37-846594A0512B}.Release|Any CPU.Build.0 = Release|Any CPU
		{6AD51074-19A2-4DFC-A8D1-082280B81D99}.Debug|Any CPU.ActiveCfg = Debug|Any CPU
		{6AD51074-19A2-4DFC-A8D1-082280B81D99}.Debug|Any CPU.Build.0 = Debug|Any CPU
		{6AD51074-19A2-4DFC-A8D1-082280B81D99}.Release|Any CPU.ActiveCfg = Release|Any CPU
		{6AD51074-19A2-4DFC-A8D1-082280B81D99}.Release|Any CPU.Build.0 = Release|Any CPU
		{00F93F21-2A86-646B-CFCE-54DC01F113F5}.Debug|Any CPU.ActiveCfg = Debug|Any CPU
		{00F93F21-2A86-646B-CFCE-54DC01F113F5}.Debug|Any CPU.Build.0 = Debug|Any CPU
		{00F93F21-2A86-646B-CFCE-54DC01F113F5}.Release|Any CPU.ActiveCfg = Release|Any CPU
		{00F93F21-2A86-646B-CFCE-54DC01F113F5}.Release|Any CPU.Build.0 = Release|Any CPU
		{D075DE34-1CE8-0372-DEFC-AB910AFD5970}.Debug|Any CPU.ActiveCfg = Debug|Any CPU
		{D075DE34-1CE8-0372-DEFC-AB910AFD5970}.Debug|Any CPU.Build.0 = Debug|Any CPU
		{D075DE34-1CE8-0372-DEFC-AB910AFD5970}.Release|Any CPU.ActiveCfg = Release|Any CPU
		{D075DE34-1CE8-0372-DEFC-AB910AFD5970}.Release|Any CPU.Build.0 = Release|Any CPU
		{B4925351-4ABC-919A-60BB-D10C1A20FD8F}.Debug|Any CPU.ActiveCfg = Debug|Any CPU
		{B4925351-4ABC-919A-60BB-D10C1A20FD8F}.Debug|Any CPU.Build.0 = Debug|Any CPU
		{B4925351-4ABC-919A-60BB-D10C1A20FD8F}.Release|Any CPU.ActiveCfg = Release|Any CPU
		{B4925351-4ABC-919A-60BB-D10C1A20FD8F}.Release|Any CPU.Build.0 = Release|Any CPU
		{CA108B11-B2F4-461B-AD0C-0E51474AE7B2}.Debug|Any CPU.ActiveCfg = Debug|Any CPU
		{CA108B11-B2F4-461B-AD0C-0E51474AE7B2}.Debug|Any CPU.Build.0 = Debug|Any CPU
		{CA108B11-B2F4-461B-AD0C-0E51474AE7B2}.Release|Any CPU.ActiveCfg = Release|Any CPU
		{CA108B11-B2F4-461B-AD0C-0E51474AE7B2}.Release|Any CPU.Build.0 = Release|Any CPU
	EndGlobalSection
	GlobalSection(SolutionProperties) = preSolution
		HideSolutionNode = FALSE
	EndGlobalSection
	GlobalSection(NestedProjects) = preSolution
		{E3C066C2-84A6-4200-95FC-03B9E4D77F1E} = {B1CC0284-B132-412C-9B1B-BCD740D53D85}
		{10008B1D-E19C-469B-BF37-846594A0512B} = {B1CC0284-B132-412C-9B1B-BCD740D53D85}
		{6AD51074-19A2-4DFC-A8D1-082280B81D99} = {B1CC0284-B132-412C-9B1B-BCD740D53D85}
		{00F93F21-2A86-646B-CFCE-54DC01F113F5} = {B1CC0284-B132-412C-9B1B-BCD740D53D85}
		{D075DE34-1CE8-0372-DEFC-AB910AFD5970} = {B1CC0284-B132-412C-9B1B-BCD740D53D85}
		{B4925351-4ABC-919A-60BB-D10C1A20FD8F} = {B1CC0284-B132-412C-9B1B-BCD740D53D85}
		{CA108B11-B2F4-461B-AD0C-0E51474AE7B2} = {B1CC0284-B132-412C-9B1B-BCD740D53D85}
	EndGlobalSection
	GlobalSection(ExtensibilityGlobals) = postSolution
		SolutionGuid = {3FE78F53-B59F-42F3-A554-E117516DB8B1}
	EndGlobalSection
EndGlobal
